
Microsoft Visual Studio Solution File, Format Version 12.00
# Visual Studio 15
VisualStudioVersion = 15.0.27004.2009
MinimumVisualStudioVersion = 10.0.40219.1
Project("{FAE04EC0-301F-11D3-BF4B-00C04F79EFBC}") = "Bootstrap", "Bootstrap\Bootstrap.csproj", "{68F2C383-0966-4185-955F-FD462CDD3600}"
EndProject
Project("{FAE04EC0-301F-11D3-BF4B-00C04F79EFBC}") = "View", "View\View.csproj", "{6CDD8583-0764-495D-94E1-08EE0A628C90}"
EndProject
Project("{FAE04EC0-301F-11D3-BF4B-00C04F79EFBC}") = "ViewModel", "ViewModel\ViewModel.csproj", "{E81BB53E-483C-420E-946A-EF1B33A286AF}"
EndProject
Project("{FAE04EC0-301F-11D3-BF4B-00C04F79EFBC}") = "Tools.ViewModel", "Tools.ViewModel\Tools.ViewModel.csproj", "{BF9E691B-36C4-4F05-A02C-463E4408B4B1}"
EndProject
Project("{2150E333-8FDC-42A3-9474-1A3956D46DE8}") = "Application", "Application", "{B5DEB656-C6A6-4B03-BCB6-D37C4DA1F692}"
EndProject
Project("{2150E333-8FDC-42A3-9474-1A3956D46DE8}") = "Tools", "Tools", "{88C93031-5FB6-42FE-B665-F48C7EE1C69D}"
EndProject
Project("{FAE04EC0-301F-11D3-BF4B-00C04F79EFBC}") = "Tools.View", "Tools.View\Tools.View.csproj", "{D4A08E18-C8AC-49BA-B224-1AAFAF24F19D}"
EndProject
Project("{FAE04EC0-301F-11D3-BF4B-00C04F79EFBC}") = "Model", "Model\Model.csproj", "{68104DDD-05C1-4CB8-9A08-0008BB85411C}"
EndProject
Project("{FAE04EC0-301F-11D3-BF4B-00C04F79EFBC}") = "Tools.Model", "Tools.Model\Tools.Model.csproj", "{8CCC6B9B-B02B-4DAA-A088-B4A1C5D9F58F}"
EndProject
Global
	GlobalSection(SolutionConfigurationPlatforms) = preSolution
		Debug|Any CPU = Debug|Any CPU
		Release|Any CPU = Release|Any CPU
	EndGlobalSection
	GlobalSection(ProjectConfigurationPlatforms) = postSolution
		{68F2C383-0966-4185-955F-FD462CDD3600}.Debug|Any CPU.ActiveCfg = Debug|Any CPU
		{68F2C383-0966-4185-955F-FD462CDD3600}.Debug|Any CPU.Build.0 = Debug|Any CPU
		{68F2C383-0966-4185-955F-FD462CDD3600}.Release|Any CPU.ActiveCfg = Release|Any CPU
		{68F2C383-0966-4185-955F-FD462CDD3600}.Release|Any CPU.Build.0 = Release|Any CPU
		{6CDD8583-0764-495D-94E1-08EE0A628C90}.Debug|Any CPU.ActiveCfg = Debug|Any CPU
		{6CDD8583-0764-495D-94E1-08EE0A628C90}.Debug|Any CPU.Build.0 = Debug|Any CPU
		{6CDD8583-0764-495D-94E1-08EE0A628C90}.Release|Any CPU.ActiveCfg = Release|Any CPU
		{6CDD8583-0764-495D-94E1-08EE0A628C90}.Release|Any CPU.Build.0 = Release|Any CPU
		{E81BB53E-483C-420E-946A-EF1B33A286AF}.Debug|Any CPU.ActiveCfg = Debug|Any CPU
		{E81BB53E-483C-420E-946A-EF1B33A286AF}.Debug|Any CPU.Build.0 = Debug|Any CPU
		{E81BB53E-483C-420E-946A-EF1B33A286AF}.Release|Any CPU.ActiveCfg = Release|Any CPU
		{E81BB53E-483C-420E-946A-EF1B33A286AF}.Release|Any CPU.Build.0 = Release|Any CPU
		{BF9E691B-36C4-4F05-A02C-463E4408B4B1}.Debug|Any CPU.ActiveCfg = Debug|Any CPU
		{BF9E691B-36C4-4F05-A02C-463E4408B4B1}.Debug|Any CPU.Build.0 = Debug|Any CPU
		{BF9E691B-36C4-4F05-A02C-463E4408B4B1}.Release|Any CPU.ActiveCfg = Release|Any CPU
		{BF9E691B-36C4-4F05-A02C-463E4408B4B1}.Release|Any CPU.Build.0 = Release|Any CPU
		{D4A08E18-C8AC-49BA-B224-1AAFAF24F19D}.Debug|Any CPU.ActiveCfg = Debug|Any CPU
		{D4A08E18-C8AC-49BA-B224-1AAFAF24F19D}.Debug|Any CPU.Build.0 = Debug|Any CPU
		{D4A08E18-C8AC-49BA-B224-1AAFAF24F19D}.Release|Any CPU.ActiveCfg = Release|Any CPU
		{D4A08E18-C8AC-49BA-B224-1AAFAF24F19D}.Release|Any CPU.Build.0 = Release|Any CPU
		{68104DDD-05C1-4CB8-9A08-0008BB85411C}.Debug|Any CPU.ActiveCfg = Debug|Any CPU
		{68104DDD-05C1-4CB8-9A08-0008BB85411C}.Debug|Any CPU.Build.0 = Debug|Any CPU
		{68104DDD-05C1-4CB8-9A08-0008BB85411C}.Release|Any CPU.ActiveCfg = Release|Any CPU
		{68104DDD-05C1-4CB8-9A08-0008BB85411C}.Release|Any CPU.Build.0 = Release|Any CPU
		{8CCC6B9B-B02B-4DAA-A088-B4A1C5D9F58F}.Debug|Any CPU.ActiveCfg = Debug|Any CPU
		{8CCC6B9B-B02B-4DAA-A088-B4A1C5D9F58F}.Debug|Any CPU.Build.0 = Debug|Any CPU
		{8CCC6B9B-B02B-4DAA-A088-B4A1C5D9F58F}.Release|Any CPU.ActiveCfg = Release|Any CPU
		{8CCC6B9B-B02B-4DAA-A088-B4A1C5D9F58F}.Release|Any CPU.Build.0 = Release|Any CPU
	EndGlobalSection
	GlobalSection(SolutionProperties) = preSolution
		HideSolutionNode = FALSE
	EndGlobalSection
	GlobalSection(NestedProjects) = preSolution
		{6CDD8583-0764-495D-94E1-08EE0A628C90} = {B5DEB656-C6A6-4B03-BCB6-D37C4DA1F692}
		{E81BB53E-483C-420E-946A-EF1B33A286AF} = {B5DEB656-C6A6-4B03-BCB6-D37C4DA1F692}
		{BF9E691B-36C4-4F05-A02C-463E4408B4B1} = {88C93031-5FB6-42FE-B665-F48C7EE1C69D}
		{D4A08E18-C8AC-49BA-B224-1AAFAF24F19D} = {88C93031-5FB6-42FE-B665-F48C7EE1C69D}
		{68104DDD-05C1-4CB8-9A08-0008BB85411C} = {B5DEB656-C6A6-4B03-BCB6-D37C4DA1F692}
		{8CCC6B9B-B02B-4DAA-A088-B4A1C5D9F58F} = {88C93031-5FB6-42FE-B665-F48C7EE1C69D}
	EndGlobalSection
	GlobalSection(ExtensibilityGlobals) = postSolution
		SolutionGuid = {3DF936E9-54E8-4F30-A501-98AF98918332}
	EndGlobalSection
EndGlobal
